{
  "name": "08-study-webpack-enhanced-resolve",
  "version": "1.0.0",
  "lockfileVersion": 1,
  "requires": true,
  "dependencies": {
    "enhanced-resolve": {
      "version": "5.9.3",
      "resolved": "https://registry.npmmirror.com/enhanced-resolve/-/enhanced-resolve-5.9.3.tgz",
      "integrity": "sha512-Bq9VSor+kjvW3f9/MiiR4eE3XYgOl7/rS8lnSxbRbF3kS0B2r+Y9w5krBWxZgDxASVZbdYrn5wT4j/Wb0J9qow==",
      "requires": {
        "graceful-fs": "^4.2.4",
        "tapable": "^2.2.0"
      }
    },
    "graceful-fs": {
      "version": "4.2.10",
      "resolved": "https://registry.npmmirror.com/graceful-fs/-/graceful-fs-4.2.10.tgz",
      "integrity": "sha512-9ByhssR2fPVsNZj478qUUbKfmL0+t5BDVyjShtyZZLiK7ZDAArFFfopyOTj0M05wE2tJPisA4iTnnXl2YoPvOA=="
    },
    "tapable": {
      "version": "2.2.1",
      "resolved": "https://registry.npmmirror.com/tapable/-/tapable-2.2.1.tgz",
      "integrity": "sha512-GNzQvQTOIP6RyTfE2Qxb8ZVlNmw0n88vp1szwWRimP02mnTsx3Wtn5qRdqY9w2XduFNUgvOwhNnQsjwCp+kqaQ=="
    }
  }
}
