# THIS IS AN AUTOGENERATED FILE. DO NOT EDIT THIS FILE DIRECTLY.
# yarn lockfile v1


enhanced-resolve@^5.9.3:
  version "5.9.3"
  resolved "https://registry.npmmirror.com/enhanced-resolve/-/enhanced-resolve-5.9.3.tgz#44a342c012cbc473254af5cc6ae20ebd0aae5d88"
  integrity sha512-Bq9VSor+kjvW3f9/MiiR4eE3XYgOl7/rS8lnSxbRbF3kS0B2r+Y9w5krBWxZgDxASVZbdYrn5wT4j/Wb0J9qow==
  dependencies:
    graceful-fs "^4.2.4"
    tapable "^2.2.0"

fs-monkey@^1.0.3:
  version "1.0.3"
  resolved "https://registry.npmmirror.com/fs-monkey/-/fs-monkey-1.0.3.tgz#ae3ac92d53bb328efe0e9a1d9541f6ad8d48e2d3"
  integrity sha512-cybjIfiiE+pTWicSCLFHSrXZ6EilF30oh91FDP9S2B051prEa7QWfrVTQm10/dDpswBDXZugPa1Ogu8Yh+HV0Q==

graceful-fs@^4.2.4:
  version "4.2.10"
  resolved "https://registry.npmmirror.com/graceful-fs/-/graceful-fs-4.2.10.tgz#147d3a006da4ca3ce14728c7aefc287c367d7a6c"
  integrity sha512-9ByhssR2fPVsNZj478qUUbKfmL0+t5BDVyjShtyZZLiK7ZDAArFFfopyOTj0M05wE2tJPisA4iTnnXl2YoPvOA==

memfs@^3.4.6:
  version "3.4.6"
  resolved "https://registry.npmmirror.com/memfs/-/memfs-3.4.6.tgz#74097983d27c82b973665885dc75f27a65174510"
  integrity sha512-rH9mjopto6Wkr7RFuH9l9dk3qb2XGOcYKr7xMhaYqfzuJqOqhRrcFvfD7JMuPj6SLmPreh5+6eAuv36NFAU+Mw==
  dependencies:
    fs-monkey "^1.0.3"

tapable@^2.2.0:
  version "2.2.1"
  resolved "https://registry.npmmirror.com/tapable/-/tapable-2.2.1.tgz#1967a73ef4060a82f12ab96af86d52fdb76eeca0"
  integrity sha512-GNzQvQTOIP6RyTfE2Qxb8ZVlNmw0n88vp1szwWRimP02mnTsx3Wtn5qRdqY9w2XduFNUgvOwhNnQsjwCp+kqaQ==
